
Microsoft Visual Studio Solution File, Format Version 12.00
# Visual Studio Version 16
VisualStudioVersion = 16.0.31911.196
MinimumVisualStudioVersion = 10.0.40219.1
Project("{FAE04EC0-301F-11D3-BF4B-00C04F79EFBC}") = "TelegramBot.CSV", "TelegramBot.CSV.csproj", "{97C37998-03F1-4F70-8090-201ED12E233E}"
EndProject
Global
	GlobalSection(SolutionConfigurationPlatforms) = preSolution
		Debug|Any CPU = Debug|Any CPU
		Release|Any CPU = Release|Any CPU
	EndGlobalSection
	GlobalSection(ProjectConfigurationPlatforms) = postSolution
		{97C37998-03F1-4F70-8090-201ED12E233E}.Debug|Any CPU.ActiveCfg = Debug|Any CPU
		{97C37998-03F1-4F70-8090-201ED12E233E}.Debug|Any CPU.Build.0 = Debug|Any CPU
		{97C37998-03F1-4F70-8090-201ED12E233E}.Release|Any CPU.ActiveCfg = Release|Any CPU
		{97C37998-03F1-4F70-8090-201ED12E233E}.Release|Any CPU.Build.0 = Release|Any CPU
	EndGlobalSection
	GlobalSection(SolutionProperties) = preSolution
		HideSolutionNode = FALSE
	EndGlobalSection
	GlobalSection(ExtensibilityGlobals) = postSolution
		SolutionGuid = {82F14D8A-1C8B-4CE3-8FFD-491A79143F43}
	EndGlobalSection
EndGlobal
